<?xml version="1.0" encoding="utf-8"?>
<Project ToolsVersion="17.0" xmlns="http://schemas.microsoft.com/developer/msbuild/2003">
  <ItemGroup>
    <ClCompile Include="D:\Geant4\geant4-install\share\Geant4\examples\basic\B1\exampleB1.cc">
      <Filter>Source Files</Filter>
    </ClCompile>
    <ClCompile Include="D:\Geant4\geant4-install\share\Geant4\examples\basic\B1\src\ActionInitialization.cc">
      <Filter>Source Files</Filter>
    </ClCompile>
    <ClCompile Include="D:\Geant4\geant4-install\share\Geant4\examples\basic\B1\src\DetectorConstruction.cc">
      <Filter>Source Files</Filter>
    </ClCompile>
    <ClCompile Include="D:\Geant4\geant4-install\share\Geant4\examples\basic\B1\src\EventAction.cc">
      <Filter>Source Files</Filter>
    </ClCompile>
    <ClCompile Include="D:\Geant4\geant4-install\share\Geant4\examples\basic\B1\src\HistoManager.cc">
      <Filter>Source Files</Filter>
    </ClCompile>
    <ClCompile Include="D:\Geant4\geant4-install\share\Geant4\examples\basic\B1\src\MyPhysicsList.cc">
      <Filter>Source Files</Filter>
    </ClCompile>
    <ClCompile Include="D:\Geant4\geant4-install\share\Geant4\examples\basic\B1\src\PrimaryGeneratorAction.cc">
      <Filter>Source Files</Filter>
    </ClCompile>
    <ClCompile Include="D:\Geant4\geant4-install\share\Geant4\examples\basic\B1\src\RunAction.cc">
      <Filter>Source Files</Filter>
    </ClCompile>
    <ClCompile Include="D:\Geant4\geant4-install\share\Geant4\examples\basic\B1\src\SteppingAction.cc">
      <Filter>Source Files</Filter>
    </ClCompile>
  </ItemGroup>
  <ItemGroup>
    <ClInclude Include="D:\Geant4\geant4-install\share\Geant4\examples\basic\B1\include\ActionInitialization.hh">
      <Filter>Header Files</Filter>
    </ClInclude>
    <ClInclude Include="D:\Geant4\geant4-install\share\Geant4\examples\basic\B1\include\DetectorConstruction.hh">
      <Filter>Header Files</Filter>
    </ClInclude>
    <ClInclude Include="D:\Geant4\geant4-install\share\Geant4\examples\basic\B1\include\EventAction.hh">
      <Filter>Header Files</Filter>
    </ClInclude>
    <ClInclude Include="D:\Geant4\geant4-install\share\Geant4\examples\basic\B1\include\HistoManager.hh">
      <Filter>Header Files</Filter>
    </ClInclude>
    <ClInclude Include="D:\Geant4\geant4-install\share\Geant4\examples\basic\B1\include\MyPhysicsList.hh">
      <Filter>Header Files</Filter>
    </ClInclude>
    <ClInclude Include="D:\Geant4\geant4-install\share\Geant4\examples\basic\B1\include\PrimaryGeneratorAction.hh">
      <Filter>Header Files</Filter>
    </ClInclude>
    <ClInclude Include="D:\Geant4\geant4-install\share\Geant4\examples\basic\B1\include\RunAction.hh">
      <Filter>Header Files</Filter>
    </ClInclude>
    <ClInclude Include="D:\Geant4\geant4-install\share\Geant4\examples\basic\B1\include\SteppingAction.hh">
      <Filter>Header Files</Filter>
    </ClInclude>
  </ItemGroup>
  <ItemGroup>
    <CustomBuild Include="D:\Geant4\geant4-install\share\Geant4\examples\basic\B1\CMakeLists.txt" />
  </ItemGroup>
  <ItemGroup>
    <Filter Include="Header Files">
      <UniqueIdentifier>{5BDC8027-BAE6-38E8-9104-12F03298E8A3}</UniqueIdentifier>
    </Filter>
    <Filter Include="Source Files">
      <UniqueIdentifier>{F67FF9B3-918B-3637-9070-2787206FE1D7}</UniqueIdentifier>
    </Filter>
  </ItemGroup>
</Project>
